// !$*UTF8*$!
{
	archiveVersion = 1;
	classes = {
	};
	objectVersion = 55;
	objects = {

/* Begin PBXBuildFile section */
		B4CFE20F28C902E600EA0067 /* AppDelegate.swift in Sources */ = {isa = PBXBuildFile; fileRef = B4CFE20E28C902E600EA0067 /* AppDelegate.swift */; };
		B4CFE21128C902E600EA0067 /* SceneDelegate.swift in Sources */ = {isa = PBXBuildFile; fileRef = B4CFE21028C902E600EA0067 /* SceneDelegate.swift */; };
		B4CFE21328C902E600EA0067 /* ViewController.swift in Sources */ = {isa = PBXBuildFile; fileRef = B4CFE21228C902E600EA0067 /* ViewController.swift */; };
		B4CFE21628C902E600EA0067 /* Main.storyboard in Resources */ = {isa = PBXBuildFile; fileRef = B4CFE21428C902E600EA0067 /* Main.storyboard */; };
		B4CFE21828C902E800EA0067 /* Assets.xcassets in Resources */ = {isa = PBXBuildFile; fileRef = B4CFE21728C902E800EA0067 /* Assets.xcassets */; };
		B4CFE21B28C902E800EA0067 /* LaunchScreen.storyboard in Resources */ = {isa = PBXBuildFile; fileRef = B4CFE21928C902E800EA0067 /* LaunchScreen.storyboard */; };
		B4CFE22428C9054600EA0067 /* GithubUser.swift in Sources */ = {isa = PBXBuildFile; fileRef = B4CFE22328C9054600EA0067 /* GithubUser.swift */; };
		B4CFE23428C907DB00EA0067 /* GithubUserTests.swift in Sources */ = {isa = PBXBuildFile; fileRef = B4CFE23328C907DB00EA0067 /* GithubUserTests.swift */; };
/* End PBXBuildFile section */

/* Begin PBXContainerItemProxy section */
		B4CFE22D28C9078F00EA0067 /* PBXContainerItemProxy */ = {
			isa = PBXContainerItemProxy;
			containerPortal = B4CFE20328C902E600EA0067 /* Project object */;
			proxyType = 1;
			remoteGlobalIDString = B4CFE20A28C902E600EA0067;
			remoteInfo = TawkTest;
		};
/* End PBXContainerItemProxy section */

/* Begin PBXFileReference section */
		B4CFE20B28C902E600EA0067 /* TawkTest.app */ = {isa = PBXFileReference; explicitFileType = wrapper.application; includeInIndex = 0; path = TawkTest.app; sourceTree = BUILT_PRODUCTS_DIR; };
		B4CFE20E28C902E600EA0067 /* AppDelegate.swift */ = {isa = PBXFileReference; lastKnownFileType = sourcecode.swift; path = AppDelegate.swift; sourceTree = "<group>"; };
		B4CFE21028C902E600EA0067 /* SceneDelegate.swift */ = {isa = PBXFileReference; lastKnownFileType = sourcecode.swift; path = SceneDelegate.swift; sourceTree = "<group>"; };
		B4CFE21228C902E600EA0067 /* ViewController.swift */ = {isa = PBXFileReference; lastKnownFileType = sourcecode.swift; path = ViewController.swift; sourceTree = "<group>"; };
		B4CFE21528C902E600EA0067 /* Base */ = {isa = PBXFileReference; lastKnownFileType = file.storyboard; name = Base; path = Base.lproj/Main.storyboard; sourceTree = "<group>"; };
		B4CFE21728C902E800EA0067 /* Assets.xcassets */ = {isa = PBXFileReference; lastKnownFileType = folder.assetcatalog; path = Assets.xcassets; sourceTree = "<group>"; };
		B4CFE21A28C902E800EA0067 /* Base */ = {isa = PBXFileReference; lastKnownFileType = file.storyboard; name = Base; path = Base.lproj/LaunchScreen.storyboard; sourceTree = "<group>"; };
		B4CFE21C28C902E800EA0067 /* Info.plist */ = {isa = PBXFileReference; lastKnownFileType = text.plist.xml; path = Info.plist; sourceTree = "<group>"; };
		B4CFE22328C9054600EA0067 /* GithubUser.swift */ = {isa = PBXFileReference; lastKnownFileType = sourcecode.swift; path = GithubUser.swift; sourceTree = "<group>"; };
		B4CFE22928C9078F00EA0067 /* TawkTestTests.xctest */ = {isa = PBXFileReference; explicitFileType = wrapper.cfbundle; includeInIndex = 0; path = TawkTestTests.xctest; sourceTree = BUILT_PRODUCTS_DIR; };
		B4CFE23328C907DB00EA0067 /* GithubUserTests.swift */ = {isa = PBXFileReference; lastKnownFileType = sourcecode.swift; path = GithubUserTests.swift; sourceTree = "<group>"; };
/* End PBXFileReference section */

/* Begin PBXFrameworksBuildPhase section */
		B4CFE20828C902E600EA0067 /* Frameworks */ = {
			isa = PBXFrameworksBuildPhase;
			buildActionMask = 2147483647;
			files = (
			);
			runOnlyForDeploymentPostprocessing = 0;
		};
		B4CFE22628C9078F00EA0067 /* Frameworks */ = {
			isa = PBXFrameworksBuildPhase;
			buildActionMask = 2147483647;
			files = (
			);
			runOnlyForDeploymentPostprocessing = 0;
		};
/* End PBXFrameworksBuildPhase section */

/* Begin PBXGroup section */
		B4CFE20228C902E600EA0067 = {
			isa = PBXGroup;
			children = (
				B4CFE20D28C902E600EA0067 /* TawkTest */,
				B4CFE22A28C9078F00EA0067 /* TawkTestTests */,
				B4CFE20C28C902E600EA0067 /* Products */,
			);
			sourceTree = "<group>";
		};
		B4CFE20C28C902E600EA0067 /* Products */ = {
			isa = PBXGroup;
			children = (
				B4CFE20B28C902E600EA0067 /* TawkTest.app */,
				B4CFE22928C9078F00EA0067 /* TawkTestTests.xctest */,
			);
			name = Products;
			sourceTree = "<group>";
		};
		B4CFE20D28C902E600EA0067 /* TawkTest */ = {
			isa = PBXGroup;
			children = (
				B4CFE22228C9049D00EA0067 /* Models */,
				B4CFE20E28C902E600EA0067 /* AppDelegate.swift */,
				B4CFE21028C902E600EA0067 /* SceneDelegate.swift */,
				B4CFE21228C902E600EA0067 /* ViewController.swift */,
				B4CFE21428C902E600EA0067 /* Main.storyboard */,
				B4CFE21728C902E800EA0067 /* Assets.xcassets */,
				B4CFE21928C902E800EA0067 /* LaunchScreen.storyboard */,
				B4CFE21C28C902E800EA0067 /* Info.plist */,
			);
			path = TawkTest;
			sourceTree = "<group>";
		};
		B4CFE22228C9049D00EA0067 /* Models */ = {
			isa = PBXGroup;
			children = (
				B4CFE22328C9054600EA0067 /* GithubUser.swift */,
			);
			path = Models;
			sourceTree = "<group>";
		};
		B4CFE22A28C9078F00EA0067 /* TawkTestTests */ = {
			isa = PBXGroup;
			children = (
				B4CFE23228C907A300EA0067 /* Models */,
			);
			path = TawkTestTests;
			sourceTree = "<group>";
		};
		B4CFE23228C907A300EA0067 /* Models */ = {
			isa = PBXGroup;
			children = (
				B4CFE23328C907DB00EA0067 /* GithubUserTests.swift */,
			);
			path = Models;
			sourceTree = "<group>";
		};
/* End PBXGroup section */

/* Begin PBXNativeTarget section */
		B4CFE20A28C902E600EA0067 /* TawkTest */ = {
			isa = PBXNativeTarget;
			buildConfigurationList = B4CFE21F28C902E800EA0067 /* Build configuration list for PBXNativeTarget "TawkTest" */;
			buildPhases = (
				B4CFE20728C902E600EA0067 /* Sources */,
				B4CFE20828C902E600EA0067 /* Frameworks */,
				B4CFE20928C902E600EA0067 /* Resources */,
			);
			buildRules = (
			);
			dependencies = (
			);
			name = TawkTest;
			productName = TawkTest;
			productReference = B4CFE20B28C902E600EA0067 /* TawkTest.app */;
			productType = "com.apple.product-type.application";
		};
		B4CFE22828C9078F00EA0067 /* TawkTestTests */ = {
			isa = PBXNativeTarget;
			buildConfigurationList = B4CFE22F28C9078F00EA0067 /* Build configuration list for PBXNativeTarget "TawkTestTests" */;
			buildPhases = (
				B4CFE22528C9078F00EA0067 /* Sources */,
				B4CFE22628C9078F00EA0067 /* Frameworks */,
				B4CFE22728C9078F00EA0067 /* Resources */,
			);
			buildRules = (
			);
			dependencies = (
				B4CFE22E28C9078F00EA0067 /* PBXTargetDependency */,
			);
			name = TawkTestTests;
			productName = TawkTestTests;
			productReference = B4CFE22928C9078F00EA0067 /* TawkTestTests.xctest */;
			productType = "com.apple.product-type.bundle.unit-test";
		};
/* End PBXNativeTarget section */

/* Begin PBXProject section */
		B4CFE20328C902E600EA0067 /* Project object */ = {
			isa = PBXProject;
			attributes = {
				BuildIndependentTargetsInParallel = 1;
				LastSwiftUpdateCheck = 1340;
				LastUpgradeCheck = 1340;
				TargetAttributes = {
					B4CFE20A28C902E600EA0067 = {
						CreatedOnToolsVersion = 13.4.1;
					};
					B4CFE22828C9078F00EA0067 = {
						CreatedOnToolsVersion = 13.4.1;
						LastSwiftMigration = 1340;
						TestTargetID = B4CFE20A28C902E600EA0067;
					};
				};
			};
			buildConfigurationList = B4CFE20628C902E600EA0067 /* Build configuration list for PBXProject "TawkTest" */;
			compatibilityVersion = "Xcode 13.0";
			developmentRegion = en;
			hasScannedForEncodings = 0;
			knownRegions = (
				en,
				Base,
			);
			mainGroup = B4CFE20228C902E600EA0067;
			productRefGroup = B4CFE20C28C902E600EA0067 /* Products */;
			projectDirPath = "";
			projectRoot = "";
			targets = (
				B4CFE20A28C902E600EA0067 /* TawkTest */,
				B4CFE22828C9078F00EA0067 /* TawkTestTests */,
			);
		};
/* End PBXProject section */

/* Begin PBXResourcesBuildPhase section */
		B4CFE20928C902E600EA0067 /* Resources */ = {
			isa = PBXResourcesBuildPhase;
			buildActionMask = 2147483647;
			files = (
				B4CFE21B28C902E800EA0067 /* LaunchScreen.storyboard in Resources */,
				B4CFE21828C902E800EA0067 /* Assets.xcassets in Resources */,
				B4CFE21628C902E600EA0067 /* Main.storyboard in Resources */,
			);
			runOnlyForDeploymentPostprocessing = 0;
		};
		B4CFE22728C9078F00EA0067 /* Resources */ = {
			isa = PBXResourcesBuildPhase;
			buildActionMask = 2147483647;
			files = (
			);
			runOnlyForDeploymentPostprocessing = 0;
		};
/* End PBXResourcesBuildPhase section */

/* Begin PBXSourcesBuildPhase section */
		B4CFE20728C902E600EA0067 /* Sources */ = {
			isa = PBXSourcesBuildPhase;
			buildActionMask = 2147483647;
			files = (
				B4CFE21328C902E600EA0067 /* ViewController.swift in Sources */,
				B4CFE22428C9054600EA0067 /* GithubUser.swift in Sources */,
				B4CFE20F28C902E600EA0067 /* AppDelegate.swift in Sources */,
				B4CFE21128C902E600EA0067 /* SceneDelegate.swift in Sources */,
			);
			runOnlyForDeploymentPostprocessing = 0;
		};
		B4CFE22528C9078F00EA0067 /* Sources */ = {
			isa = PBXSourcesBuildPhase;
			buildActionMask = 2147483647;
			files = (
				B4CFE23428C907DB00EA0067 /* GithubUserTests.swift in Sources */,
			);
			runOnlyForDeploymentPostprocessing = 0;
		};
/* End PBXSourcesBuildPhase section */

/* Begin PBXTargetDependency section */
		B4CFE22E28C9078F00EA0067 /* PBXTargetDependency */ = {
			isa = PBXTargetDependency;
			target = B4CFE20A28C902E600EA0067 /* TawkTest */;
			targetProxy = B4CFE22D28C9078F00EA0067 /* PBXContainerItemProxy */;
		};
/* End PBXTargetDependency section */

/* Begin PBXVariantGroup section */
		B4CFE21428C902E600EA0067 /* Main.storyboard */ = {
			isa = PBXVariantGroup;
			children = (
				B4CFE21528C902E600EA0067 /* Base */,
			);
			name = Main.storyboard;
			sourceTree = "<group>";
		};
		B4CFE21928C902E800EA0067 /* LaunchScreen.storyboard */ = {
			isa = PBXVariantGroup;
			children = (
				B4CFE21A28C902E800EA0067 /* Base */,
			);
			name = LaunchScreen.storyboard;
			sourceTree = "<group>";
		};
/* End PBXVariantGroup section */

/* Begin XCBuildConfiguration section */
		B4CFE21D28C902E800EA0067 /* Debug */ = {
			isa = XCBuildConfiguration;
			buildSettings = {
				ALWAYS_SEARCH_USER_PATHS = NO;
				CLANG_ANALYZER_NONNULL = YES;
				CLANG_ANALYZER_NUMBER_OBJECT_CONVERSION = YES_AGGRESSIVE;
				CLANG_CXX_LANGUAGE_STANDARD = "gnu++17";
				CLANG_ENABLE_MODULES = YES;
				CLANG_ENABLE_OBJC_ARC = YES;
				CLANG_ENABLE_OBJC_WEAK = YES;
				CLANG_WARN_BLOCK_CAPTURE_AUTORELEASING = YES;
				CLANG_WARN_BOOL_CONVERSION = YES;
				CLANG_WARN_COMMA = YES;
				CLANG_WARN_CONSTANT_CONVERSION = YES;
				CLANG_WARN_DEPRECATED_OBJC_IMPLEMENTATIONS = YES;
				CLANG_WARN_DIRECT_OBJC_ISA_USAGE = YES_ERROR;
				CLANG_WARN_DOCUMENTATION_COMMENTS = YES;
				CLANG_WARN_EMPTY_BODY = YES;
				CLANG_WARN_ENUM_CONVERSION = YES;
				CLANG_WARN_INFINITE_RECURSION = YES;
				CLANG_WARN_INT_CONVERSION = YES;
				CLANG_WARN_NON_LITERAL_NULL_CONVERSION = YES;
				CLANG_WARN_OBJC_IMPLICIT_RETAIN_SELF = YES;
				CLANG_WARN_OBJC_LITERAL_CONVERSION = YES;
				CLANG_WARN_OBJC_ROOT_CLASS = YES_ERROR;
				CLANG_WARN_QUOTED_INCLUDE_IN_FRAMEWORK_HEADER = YES;
				CLANG_WARN_RANGE_LOOP_ANALYSIS = YES;
				CLANG_WARN_STRICT_PROTOTYPES = YES;
				CLANG_WARN_SUSPICIOUS_MOVE = YES;
				CLANG_WARN_UNGUARDED_AVAILABILITY = YES_AGGRESSIVE;
				CLANG_WARN_UNREACHABLE_CODE = YES;
				CLANG_WARN__DUPLICATE_METHOD_MATCH = YES;
				COPY_PHASE_STRIP = NO;
				DEBUG_INFORMATION_FORMAT = dwarf;
				ENABLE_STRICT_OBJC_MSGSEND = YES;
				ENABLE_TESTABILITY = YES;
				GCC_C_LANGUAGE_STANDARD = gnu11;
				GCC_DYNAMIC_NO_PIC = NO;
				GCC_NO_COMMON_BLOCKS = YES;
				GCC_OPTIMIZATION_LEVEL = 0;
				GCC_PREPROCESSOR_DEFINITIONS = (
					"DEBUG=1",
					"$(inherited)",
				);
				GCC_WARN_64_TO_32_BIT_CONVERSION = YES;
				GCC_WARN_ABOUT_RETURN_TYPE = YES_ERROR;
				GCC_WARN_UNDECLARED_SELECTOR = YES;
				GCC_WARN_UNINITIALIZED_AUTOS = YES_AGGRESSIVE;
				GCC_WARN_UNUSED_FUNCTION = YES;
				GCC_WARN_UNUSED_VARIABLE = YES;
				IPHONEOS_DEPLOYMENT_TARGET = 15.5;
				MTL_ENABLE_DEBUG_INFO = INCLUDE_SOURCE;
				MTL_FAST_MATH = YES;
				ONLY_ACTIVE_ARCH = YES;
				SDKROOT = iphoneos;
				SWIFT_ACTIVE_COMPILATION_CONDITIONS = DEBUG;
				SWIFT_OPTIMIZATION_LEVEL = "-Onone";
			};
			name = Debug;
		};
		B4CFE21E28C902E800EA0067 /* Release */ = {
			isa = XCBuildConfiguration;
			buildSettings = {
				ALWAYS_SEARCH_USER_PATHS = NO;
				CLANG_ANALYZER_NONNULL = YES;
				CLANG_ANALYZER_NUMBER_OBJECT_CONVERSION = YES_AGGRESSIVE;
				CLANG_CXX_LANGUAGE_STANDARD = "gnu++17";
				CLANG_ENABLE_MODULES = YES;
				CLANG_ENABLE_OBJC_ARC = YES;
				CLANG_ENABLE_OBJC_WEAK = YES;
				CLANG_WARN_BLOCK_CAPTURE_AUTORELEASING = YES;
				CLANG_WARN_BOOL_CONVERSION = YES;
				CLANG_WARN_COMMA = YES;
				CLANG_WARN_CONSTANT_CONVERSION = YES;
				CLANG_WARN_DEPRECATED_OBJC_IMPLEMENTATIONS = YES;
				CLANG_WARN_DIRECT_OBJC_ISA_USAGE = YES_ERROR;
				CLANG_WARN_DOCUMENTATION_COMMENTS = YES;
				CLANG_WARN_EMPTY_BODY = YES;
				CLANG_WARN_ENUM_CONVERSION = YES;
				CLANG_WARN_INFINITE_RECURSION = YES;
				CLANG_WARN_INT_CONVERSION = YES;
				CLANG_WARN_NON_LITERAL_NULL_CONVERSION = YES;
				CLANG_WARN_OBJC_IMPLICIT_RETAIN_SELF = YES;
				CLANG_WARN_OBJC_LITERAL_CONVERSION = YES;
				CLANG_WARN_OBJC_ROOT_CLASS = YES_ERROR;
				CLANG_WARN_QUOTED_INCLUDE_IN_FRAMEWORK_HEADER = YES;
				CLANG_WARN_RANGE_LOOP_ANALYSIS = YES;
				CLANG_WARN_STRICT_PROTOTYPES = YES;
				CLANG_WARN_SUSPICIOUS_MOVE = YES;
				CLANG_WARN_UNGUARDED_AVAILABILITY = YES_AGGRESSIVE;
				CLANG_WARN_UNREACHABLE_CODE = YES;
				CLANG_WARN__DUPLICATE_METHOD_MATCH = YES;
				COPY_PHASE_STRIP = NO;
				DEBUG_INFORMATION_FORMAT = "dwarf-with-dsym";
				ENABLE_NS_ASSERTIONS = NO;
				ENABLE_STRICT_OBJC_MSGSEND = YES;
				GCC_C_LANGUAGE_STANDARD = gnu11;
				GCC_NO_COMMON_BLOCKS = YES;
				GCC_WARN_64_TO_32_BIT_CONVERSION = YES;
				GCC_WARN_ABOUT_RETURN_TYPE = YES_ERROR;
				GCC_WARN_UNDECLARED_SELECTOR = YES;
				GCC_WARN_UNINITIALIZED_AUTOS = YES_AGGRESSIVE;
				GCC_WARN_UNUSED_FUNCTION = YES;
				GCC_WARN_UNUSED_VARIABLE = YES;
				IPHONEOS_DEPLOYMENT_TARGET = 15.5;
				MTL_ENABLE_DEBUG_INFO = NO;
				MTL_FAST_MATH = YES;
				SDKROOT = iphoneos;
				SWIFT_COMPILATION_MODE = wholemodule;
				SWIFT_OPTIMIZATION_LEVEL = "-O";
				VALIDATE_PRODUCT = YES;
			};
			name = Release;
		};
		B4CFE22028C902E800EA0067 /* Debug */ = {
			isa = XCBuildConfiguration;
			buildSettings = {
				ASSETCATALOG_COMPILER_APPICON_NAME = AppIcon;
				ASSETCATALOG_COMPILER_GLOBAL_ACCENT_COLOR_NAME = AccentColor;
				CODE_SIGN_STYLE = Automatic;
				CURRENT_PROJECT_VERSION = 1;
				GENERATE_INFOPLIST_FILE = YES;
				INFOPLIST_FILE = TawkTest/Info.plist;
				INFOPLIST_KEY_UIApplicationSupportsIndirectInputEvents = YES;
				INFOPLIST_KEY_UILaunchStoryboardName = LaunchScreen;
				INFOPLIST_KEY_UIMainStoryboardFile = Main;
				INFOPLIST_KEY_UISupportedInterfaceOrientations_iPad = "UIInterfaceOrientationPortrait UIInterfaceOrientationPortraitUpsideDown UIInterfaceOrientationLandscapeLeft UIInterfaceOrientationLandscapeRight";
				INFOPLIST_KEY_UISupportedInterfaceOrientations_iPhone = "UIInterfaceOrientationPortrait UIInterfaceOrientationLandscapeLeft UIInterfaceOrientationLandscapeRight";
				IPHONEOS_DEPLOYMENT_TARGET = 13.0;
				LD_RUNPATH_SEARCH_PATHS = (
					"$(inherited)",
					"@executable_path/Frameworks",
				);
				MARKETING_VERSION = 1.0;
				PRODUCT_BUNDLE_IDENTIFIER = com.example.TawkTest;
				PRODUCT_NAME = "$(TARGET_NAME)";
				SWIFT_EMIT_LOC_STRINGS = YES;
				SWIFT_VERSION = 5.0;
				TARGETED_DEVICE_FAMILY = "1,2";
			};
			name = Debug;
		};
		B4CFE22128C902E800EA0067 /* Release */ = {
			isa = XCBuildConfiguration;
			buildSettings = {
				ASSETCATALOG_COMPILER_APPICON_NAME = AppIcon;
				ASSETCATALOG_COMPILER_GLOBAL_ACCENT_COLOR_NAME = AccentColor;
				CODE_SIGN_STYLE = Automatic;
				CURRENT_PROJECT_VERSION = 1;
				GENERATE_INFOPLIST_FILE = YES;
				INFOPLIST_FILE = TawkTest/Info.plist;
				INFOPLIST_KEY_UIApplicationSupportsIndirectInputEvents = YES;
				INFOPLIST_KEY_UILaunchStoryboardName = LaunchScreen;
				INFOPLIST_KEY_UIMainStoryboardFile = Main;
				INFOPLIST_KEY_UISupportedInterfaceOrientations_iPad = "UIInterfaceOrientationPortrait UIInterfaceOrientationPortraitUpsideDown UIInterfaceOrientationLandscapeLeft UIInterfaceOrientationLandscapeRight";
				INFOPLIST_KEY_UISupportedInterfaceOrientations_iPhone = "UIInterfaceOrientationPortrait UIInterfaceOrientationLandscapeLeft UIInterfaceOrientationLandscapeRight";
				IPHONEOS_DEPLOYMENT_TARGET = 13.0;
				LD_RUNPATH_SEARCH_PATHS = (
					"$(inherited)",
					"@executable_path/Frameworks",
				);
				MARKETING_VERSION = 1.0;
				PRODUCT_BUNDLE_IDENTIFIER = com.example.TawkTest;
				PRODUCT_NAME = "$(TARGET_NAME)";
				SWIFT_EMIT_LOC_STRINGS = YES;
				SWIFT_VERSION = 5.0;
				TARGETED_DEVICE_FAMILY = "1,2";
			};
			name = Release;
		};
		B4CFE23028C9078F00EA0067 /* Debug */ = {
			isa = XCBuildConfiguration;
			buildSettings = {
				BUNDLE_LOADER = "$(TEST_HOST)";
				CLANG_ENABLE_MODULES = YES;
				CODE_SIGN_STYLE = Automatic;
				CURRENT_PROJECT_VERSION = 1;
				GENERATE_INFOPLIST_FILE = YES;
				LD_RUNPATH_SEARCH_PATHS = (
					"$(inherited)",
					"@executable_path/Frameworks",
					"@loader_path/Frameworks",
				);
				MARKETING_VERSION = 1.0;
				PRODUCT_BUNDLE_IDENTIFIER = com.example.TawkTestTests;
				PRODUCT_NAME = "$(TARGET_NAME)";
				SWIFT_EMIT_LOC_STRINGS = NO;
				SWIFT_OPTIMIZATION_LEVEL = "-Onone";
				SWIFT_VERSION = 5.0;
				TARGETED_DEVICE_FAMILY = "1,2";
				TEST_HOST = "$(BUILT_PRODUCTS_DIR)/TawkTest.app/TawkTest";
			};
			name = Debug;
		};
		B4CFE23128C9078F00EA0067 /* Release */ = {
			isa = XCBuildConfiguration;
			buildSettings = {
				BUNDLE_LOADER = "$(TEST_HOST)";
				CLANG_ENABLE_MODULES = YES;
				CODE_SIGN_STYLE = Automatic;
				CURRENT_PROJECT_VERSION = 1;
				GENERATE_INFOPLIST_FILE = YES;
				LD_RUNPATH_SEARCH_PATHS = (
					"$(inherited)",
					"@executable_path/Frameworks",
					"@loader_path/Frameworks",
				);
				MARKETING_VERSION = 1.0;
				PRODUCT_BUNDLE_IDENTIFIER = com.example.TawkTestTests;
				PRODUCT_NAME = "$(TARGET_NAME)";
				SWIFT_EMIT_LOC_STRINGS = NO;
				SWIFT_VERSION = 5.0;
				TARGETED_DEVICE_FAMILY = "1,2";
				TEST_HOST = "$(BUILT_PRODUCTS_DIR)/TawkTest.app/TawkTest";
			};
			name = Release;
		};
/* End XCBuildConfiguration section */

/* Begin XCConfigurationList section */
		B4CFE20628C902E600EA0067 /* Build configuration list for PBXProject "TawkTest" */ = {
			isa = XCConfigurationList;
			buildConfigurations = (
				B4CFE21D28C902E800EA0067 /* Debug */,
				B4CFE21E28C902E800EA0067 /* Release */,
			);
			defaultConfigurationIsVisible = 0;
			defaultConfigurationName = Release;
		};
		B4CFE21F28C902E800EA0067 /* Build configuration list for PBXNativeTarget "TawkTest" */ = {
			isa = XCConfigurationList;
			buildConfigurations = (
				B4CFE22028C902E800EA0067 /* Debug */,
				B4CFE22128C902E800EA0067 /* Release */,
			);
			defaultConfigurationIsVisible = 0;
			defaultConfigurationName = Release;
		};
		B4CFE22F28C9078F00EA0067 /* Build configuration list for PBXNativeTarget "TawkTestTests" */ = {
			isa = XCConfigurationList;
			buildConfigurations = (
				B4CFE23028C9078F00EA0067 /* Debug */,
				B4CFE23128C9078F00EA0067 /* Release */,
			);
			defaultConfigurationIsVisible = 0;
			defaultConfigurationName = Release;
		};
/* End XCConfigurationList section */
	};
	rootObject = B4CFE20328C902E600EA0067 /* Project object */;
}
